
Microsoft Visual Studio Solution File, Format Version 11.00
# Visual Studio 2010
Project("{FAE04EC0-301F-11D3-BF4B-00C04F79EFBC}") = "Assembly-CSharp", "Assembly-CSharp.csproj", "{c832c61f-fd99-0e32-4283-fe53873561a2}"
EndProject
Project("{FAE04EC0-301F-11D3-BF4B-00C04F79EFBC}") = "Assembly-CSharp-Editor", "Assembly-CSharp-Editor.csproj", "{db509e58-c976-18b9-5c4f-e964e8bc384f}"
EndProject
Global
	GlobalSection(SolutionConfigurationPlatforms) = preSolution
		Debug|Any CPU = Debug|Any CPU
	EndGlobalSection
	GlobalSection(ProjectConfigurationPlatforms) = postSolution
		{c832c61f-fd99-0e32-4283-fe53873561a2}.Debug|Any CPU.ActiveCfg = Debug|Any CPU
		{c832c61f-fd99-0e32-4283-fe53873561a2}.Debug|Any CPU.Build.0 = Debug|Any CPU
		{db509e58-c976-18b9-5c4f-e964e8bc384f}.Debug|Any CPU.ActiveCfg = Debug|Any CPU
		{db509e58-c976-18b9-5c4f-e964e8bc384f}.Debug|Any CPU.Build.0 = Debug|Any CPU
	EndGlobalSection
	GlobalSection(SolutionProperties) = preSolution
		HideSolutionNode = FALSE
	EndGlobalSection
EndGlobal
